// !$*UTF8*$!
{
	archiveVersion = 1;
	classes = {
	};
	objectVersion = 55;
	objects = {

/* Begin PBXBuildFile section */
		42A2E1462AC3AEDB000D434C /* AppDelegate.swift in Sources */ = {isa = PBXBuildFile; fileRef = 42A2E1452AC3AEDB000D434C /* AppDelegate.swift */; };
		42A2E1482AC3AEDB000D434C /* SceneDelegate.swift in Sources */ = {isa = PBXBuildFile; fileRef = 42A2E1472AC3AEDB000D434C /* SceneDelegate.swift */; };
		42A2E14A2AC3AEDB000D434C /* ViewController1.swift in Sources */ = {isa = PBXBuildFile; fileRef = 42A2E1492AC3AEDB000D434C /* ViewController1.swift */; };
		42A2E14D2AC3AEDB000D434C /* Main.storyboard in Resources */ = {isa = PBXBuildFile; fileRef = 42A2E14B2AC3AEDB000D434C /* Main.storyboard */; };
		42A2E14F2AC3AEDC000D434C /* Assets.xcassets in Resources */ = {isa = PBXBuildFile; fileRef = 42A2E14E2AC3AEDC000D434C /* Assets.xcassets */; };
		42A2E1522AC3AEDC000D434C /* LaunchScreen.storyboard in Resources */ = {isa = PBXBuildFile; fileRef = 42A2E1502AC3AEDC000D434C /* LaunchScreen.storyboard */; };
		42A2E15A2AC3B276000D434C /* ViewController2.swift in Sources */ = {isa = PBXBuildFile; fileRef = 42A2E1592AC3B276000D434C /* ViewController2.swift */; };
		42A2E15C2AC3B2B4000D434C /* ViewController3.swift in Sources */ = {isa = PBXBuildFile; fileRef = 42A2E15B2AC3B2B4000D434C /* ViewController3.swift */; };
		42A2E15E2AC3BFFF000D434C /* machu_picchu.jpg in Resources */ = {isa = PBXBuildFile; fileRef = 42A2E15D2AC3BFFF000D434C /* machu_picchu.jpg */; };
		42A2E1622AC74395000D434C /* lima.jpg in Resources */ = {isa = PBXBuildFile; fileRef = 42A2E1612AC74395000D434C /* lima.jpg */; };
		42A2E1642AC743A3000D434C /* cuzco.jpg in Resources */ = {isa = PBXBuildFile; fileRef = 42A2E1632AC743A3000D434C /* cuzco.jpg */; };
		42A2E1662AC745B3000D434C /* rio_de_janeiro.jpg in Resources */ = {isa = PBXBuildFile; fileRef = 42A2E1652AC745B3000D434C /* rio_de_janeiro.jpg */; };
		42A2E1682AC745C6000D434C /* sao_paulo.jpg in Resources */ = {isa = PBXBuildFile; fileRef = 42A2E1672AC745C6000D434C /* sao_paulo.jpg */; };
		42A2E16A2AC745D6000D434C /* amazon_rainforest.jpg in Resources */ = {isa = PBXBuildFile; fileRef = 42A2E1692AC745D6000D434C /* amazon_rainforest.jpg */; };
		42A2E16C2AC745EC000D434C /* buenos_aires.jpg in Resources */ = {isa = PBXBuildFile; fileRef = 42A2E16B2AC745EC000D434C /* buenos_aires.jpg */; };
		42A2E16E2AC745F8000D434C /* mendoza.jpg in Resources */ = {isa = PBXBuildFile; fileRef = 42A2E16D2AC745F8000D434C /* mendoza.jpg */; };
		42A2E1702AC7460A000D434C /* patagonia.jpg in Resources */ = {isa = PBXBuildFile; fileRef = 42A2E16F2AC7460A000D434C /* patagonia.jpg */; };
/* End PBXBuildFile section */

/* Begin PBXFileReference section */
		42A2E1422AC3AEDB000D434C /* tarea-lab04.app */ = {isa = PBXFileReference; explicitFileType = wrapper.application; includeInIndex = 0; path = "tarea-lab04.app"; sourceTree = BUILT_PRODUCTS_DIR; };
		42A2E1452AC3AEDB000D434C /* AppDelegate.swift */ = {isa = PBXFileReference; lastKnownFileType = sourcecode.swift; path = AppDelegate.swift; sourceTree = "<group>"; };
		42A2E1472AC3AEDB000D434C /* SceneDelegate.swift */ = {isa = PBXFileReference; lastKnownFileType = sourcecode.swift; path = SceneDelegate.swift; sourceTree = "<group>"; };
		42A2E1492AC3AEDB000D434C /* ViewController1.swift */ = {isa = PBXFileReference; lastKnownFileType = sourcecode.swift; path = ViewController1.swift; sourceTree = "<group>"; };
		42A2E14C2AC3AEDB000D434C /* Base */ = {isa = PBXFileReference; lastKnownFileType = file.storyboard; name = Base; path = Base.lproj/Main.storyboard; sourceTree = "<group>"; };
		42A2E14E2AC3AEDC000D434C /* Assets.xcassets */ = {isa = PBXFileReference; lastKnownFileType = folder.assetcatalog; path = Assets.xcassets; sourceTree = "<group>"; };
		42A2E1512AC3AEDC000D434C /* Base */ = {isa = PBXFileReference; lastKnownFileType = file.storyboard; name = Base; path = Base.lproj/LaunchScreen.storyboard; sourceTree = "<group>"; };
		42A2E1532AC3AEDC000D434C /* Info.plist */ = {isa = PBXFileReference; lastKnownFileType = text.plist.xml; path = Info.plist; sourceTree = "<group>"; };
		42A2E1592AC3B276000D434C /* ViewController2.swift */ = {isa = PBXFileReference; lastKnownFileType = sourcecode.swift; path = ViewController2.swift; sourceTree = "<group>"; };
		42A2E15B2AC3B2B4000D434C /* ViewController3.swift */ = {isa = PBXFileReference; lastKnownFileType = sourcecode.swift; path = ViewController3.swift; sourceTree = "<group>"; };
		42A2E15D2AC3BFFF000D434C /* machu_picchu.jpg */ = {isa = PBXFileReference; lastKnownFileType = image.jpeg; path = machu_picchu.jpg; sourceTree = "<group>"; };
		42A2E1612AC74395000D434C /* lima.jpg */ = {isa = PBXFileReference; lastKnownFileType = image.jpeg; path = lima.jpg; sourceTree = "<group>"; };
		42A2E1632AC743A3000D434C /* cuzco.jpg */ = {isa = PBXFileReference; lastKnownFileType = image.jpeg; path = cuzco.jpg; sourceTree = "<group>"; };
		42A2E1652AC745B3000D434C /* rio_de_janeiro.jpg */ = {isa = PBXFileReference; lastKnownFileType = image.jpeg; path = rio_de_janeiro.jpg; sourceTree = "<group>"; };
		42A2E1672AC745C6000D434C /* sao_paulo.jpg */ = {isa = PBXFileReference; lastKnownFileType = image.jpeg; path = sao_paulo.jpg; sourceTree = "<group>"; };
		42A2E1692AC745D6000D434C /* amazon_rainforest.jpg */ = {isa = PBXFileReference; lastKnownFileType = image.jpeg; path = amazon_rainforest.jpg; sourceTree = "<group>"; };
		42A2E16B2AC745EC000D434C /* buenos_aires.jpg */ = {isa = PBXFileReference; lastKnownFileType = image.jpeg; path = buenos_aires.jpg; sourceTree = "<group>"; };
		42A2E16D2AC745F8000D434C /* mendoza.jpg */ = {isa = PBXFileReference; lastKnownFileType = image.jpeg; path = mendoza.jpg; sourceTree = "<group>"; };
		42A2E16F2AC7460A000D434C /* patagonia.jpg */ = {isa = PBXFileReference; lastKnownFileType = image.jpeg; path = patagonia.jpg; sourceTree = "<group>"; };
/* End PBXFileReference section */

/* Begin PBXFrameworksBuildPhase section */
		42A2E13F2AC3AEDB000D434C /* Frameworks */ = {
			isa = PBXFrameworksBuildPhase;
			buildActionMask = 2147483647;
			files = (
			);
			runOnlyForDeploymentPostprocessing = 0;
		};
/* End PBXFrameworksBuildPhase section */

/* Begin PBXGroup section */
		42A2E1392AC3AEDB000D434C = {
			isa = PBXGroup;
			children = (
				42A2E1442AC3AEDB000D434C /* tarea-lab04 */,
				42A2E1432AC3AEDB000D434C /* Products */,
			);
			sourceTree = "<group>";
		};
		42A2E1432AC3AEDB000D434C /* Products */ = {
			isa = PBXGroup;
			children = (
				42A2E1422AC3AEDB000D434C /* tarea-lab04.app */,
			);
			name = Products;
			sourceTree = "<group>";
		};
		42A2E1442AC3AEDB000D434C /* tarea-lab04 */ = {
			isa = PBXGroup;
			children = (
				42A2E1452AC3AEDB000D434C /* AppDelegate.swift */,
				42A2E1472AC3AEDB000D434C /* SceneDelegate.swift */,
				42A2E1492AC3AEDB000D434C /* ViewController1.swift */,
				42A2E14B2AC3AEDB000D434C /* Main.storyboard */,
				42A2E16F2AC7460A000D434C /* patagonia.jpg */,
				42A2E16D2AC745F8000D434C /* mendoza.jpg */,
				42A2E16B2AC745EC000D434C /* buenos_aires.jpg */,
				42A2E1692AC745D6000D434C /* amazon_rainforest.jpg */,
				42A2E1672AC745C6000D434C /* sao_paulo.jpg */,
				42A2E1652AC745B3000D434C /* rio_de_janeiro.jpg */,
				42A2E15B2AC3B2B4000D434C /* ViewController3.swift */,
				42A2E1592AC3B276000D434C /* ViewController2.swift */,
				42A2E14E2AC3AEDC000D434C /* Assets.xcassets */,
				42A2E1502AC3AEDC000D434C /* LaunchScreen.storyboard */,
				42A2E1532AC3AEDC000D434C /* Info.plist */,
				42A2E15D2AC3BFFF000D434C /* machu_picchu.jpg */,
				42A2E1632AC743A3000D434C /* cuzco.jpg */,
				42A2E1612AC74395000D434C /* lima.jpg */,
			);
			path = "tarea-lab04";
			sourceTree = "<group>";
		};
/* End PBXGroup section */

/* Begin PBXNativeTarget section */
		42A2E1412AC3AEDB000D434C /* tarea-lab04 */ = {
			isa = PBXNativeTarget;
			buildConfigurationList = 42A2E1562AC3AEDC000D434C /* Build configuration list for PBXNativeTarget "tarea-lab04" */;
			buildPhases = (
				42A2E13E2AC3AEDB000D434C /* Sources */,
				42A2E13F2AC3AEDB000D434C /* Frameworks */,
				42A2E1402AC3AEDB000D434C /* Resources */,
			);
			buildRules = (
			);
			dependencies = (
			);
			name = "tarea-lab04";
			productName = "tarea-lab04";
			productReference = 42A2E1422AC3AEDB000D434C /* tarea-lab04.app */;
			productType = "com.apple.product-type.application";
		};
/* End PBXNativeTarget section */

/* Begin PBXProject section */
		42A2E13A2AC3AEDB000D434C /* Project object */ = {
			isa = PBXProject;
			attributes = {
				BuildIndependentTargetsInParallel = 1;
				LastSwiftUpdateCheck = 1330;
				LastUpgradeCheck = 1330;
				TargetAttributes = {
					42A2E1412AC3AEDB000D434C = {
						CreatedOnToolsVersion = 13.3.1;
					};
				};
			};
			buildConfigurationList = 42A2E13D2AC3AEDB000D434C /* Build configuration list for PBXProject "tarea-lab04" */;
			compatibilityVersion = "Xcode 13.0";
			developmentRegion = en;
			hasScannedForEncodings = 0;
			knownRegions = (
				en,
				Base,
			);
			mainGroup = 42A2E1392AC3AEDB000D434C;
			productRefGroup = 42A2E1432AC3AEDB000D434C /* Products */;
			projectDirPath = "";
			projectRoot = "";
			targets = (
				42A2E1412AC3AEDB000D434C /* tarea-lab04 */,
			);
		};
/* End PBXProject section */

/* Begin PBXResourcesBuildPhase section */
		42A2E1402AC3AEDB000D434C /* Resources */ = {
			isa = PBXResourcesBuildPhase;
			buildActionMask = 2147483647;
			files = (
				42A2E16C2AC745EC000D434C /* buenos_aires.jpg in Resources */,
				42A2E16E2AC745F8000D434C /* mendoza.jpg in Resources */,
				42A2E1642AC743A3000D434C /* cuzco.jpg in Resources */,
				42A2E1662AC745B3000D434C /* rio_de_janeiro.jpg in Resources */,
				42A2E1522AC3AEDC000D434C /* LaunchScreen.storyboard in Resources */,
				42A2E1622AC74395000D434C /* lima.jpg in Resources */,
				42A2E15E2AC3BFFF000D434C /* machu_picchu.jpg in Resources */,
				42A2E16A2AC745D6000D434C /* amazon_rainforest.jpg in Resources */,
				42A2E1702AC7460A000D434C /* patagonia.jpg in Resources */,
				42A2E14F2AC3AEDC000D434C /* Assets.xcassets in Resources */,
				42A2E1682AC745C6000D434C /* sao_paulo.jpg in Resources */,
				42A2E14D2AC3AEDB000D434C /* Main.storyboard in Resources */,
			);
			runOnlyForDeploymentPostprocessing = 0;
		};
/* End PBXResourcesBuildPhase section */

/* Begin PBXSourcesBuildPhase section */
		42A2E13E2AC3AEDB000D434C /* Sources */ = {
			isa = PBXSourcesBuildPhase;
			buildActionMask = 2147483647;
			files = (
				42A2E15C2AC3B2B4000D434C /* ViewController3.swift in Sources */,
				42A2E14A2AC3AEDB000D434C /* ViewController1.swift in Sources */,
				42A2E15A2AC3B276000D434C /* ViewController2.swift in Sources */,
				42A2E1462AC3AEDB000D434C /* AppDelegate.swift in Sources */,
				42A2E1482AC3AEDB000D434C /* SceneDelegate.swift in Sources */,
			);
			runOnlyForDeploymentPostprocessing = 0;
		};
/* End PBXSourcesBuildPhase section */

/* Begin PBXVariantGroup section */
		42A2E14B2AC3AEDB000D434C /* Main.storyboard */ = {
			isa = PBXVariantGroup;
			children = (
				42A2E14C2AC3AEDB000D434C /* Base */,
			);
			name = Main.storyboard;
			sourceTree = "<group>";
		};
		42A2E1502AC3AEDC000D434C /* LaunchScreen.storyboard */ = {
			isa = PBXVariantGroup;
			children = (
				42A2E1512AC3AEDC000D434C /* Base */,
			);
			name = LaunchScreen.storyboard;
			sourceTree = "<group>";
		};
/* End PBXVariantGroup section */

/* Begin XCBuildConfiguration section */
		42A2E1542AC3AEDC000D434C /* Debug */ = {
			isa = XCBuildConfiguration;
			buildSettings = {
				ALWAYS_SEARCH_USER_PATHS = NO;
				CLANG_ANALYZER_NONNULL = YES;
				CLANG_ANALYZER_NUMBER_OBJECT_CONVERSION = YES_AGGRESSIVE;
				CLANG_CXX_LANGUAGE_STANDARD = "gnu++17";
				CLANG_ENABLE_MODULES = YES;
				CLANG_ENABLE_OBJC_ARC = YES;
				CLANG_ENABLE_OBJC_WEAK = YES;
				CLANG_WARN_BLOCK_CAPTURE_AUTORELEASING = YES;
				CLANG_WARN_BOOL_CONVERSION = YES;
				CLANG_WARN_COMMA = YES;
				CLANG_WARN_CONSTANT_CONVERSION = YES;
				CLANG_WARN_DEPRECATED_OBJC_IMPLEMENTATIONS = YES;
				CLANG_WARN_DIRECT_OBJC_ISA_USAGE = YES_ERROR;
				CLANG_WARN_DOCUMENTATION_COMMENTS = YES;
				CLANG_WARN_EMPTY_BODY = YES;
				CLANG_WARN_ENUM_CONVERSION = YES;
				CLANG_WARN_INFINITE_RECURSION = YES;
				CLANG_WARN_INT_CONVERSION = YES;
				CLANG_WARN_NON_LITERAL_NULL_CONVERSION = YES;
				CLANG_WARN_OBJC_IMPLICIT_RETAIN_SELF = YES;
				CLANG_WARN_OBJC_LITERAL_CONVERSION = YES;
				CLANG_WARN_OBJC_ROOT_CLASS = YES_ERROR;
				CLANG_WARN_QUOTED_INCLUDE_IN_FRAMEWORK_HEADER = YES;
				CLANG_WARN_RANGE_LOOP_ANALYSIS = YES;
				CLANG_WARN_STRICT_PROTOTYPES = YES;
				CLANG_WARN_SUSPICIOUS_MOVE = YES;
				CLANG_WARN_UNGUARDED_AVAILABILITY = YES_AGGRESSIVE;
				CLANG_WARN_UNREACHABLE_CODE = YES;
				CLANG_WARN__DUPLICATE_METHOD_MATCH = YES;
				COPY_PHASE_STRIP = NO;
				DEBUG_INFORMATION_FORMAT = dwarf;
				ENABLE_STRICT_OBJC_MSGSEND = YES;
				ENABLE_TESTABILITY = YES;
				GCC_C_LANGUAGE_STANDARD = gnu11;
				GCC_DYNAMIC_NO_PIC = NO;
				GCC_NO_COMMON_BLOCKS = YES;
				GCC_OPTIMIZATION_LEVEL = 0;
				GCC_PREPROCESSOR_DEFINITIONS = (
					"DEBUG=1",
					"$(inherited)",
				);
				GCC_WARN_64_TO_32_BIT_CONVERSION = YES;
				GCC_WARN_ABOUT_RETURN_TYPE = YES_ERROR;
				GCC_WARN_UNDECLARED_SELECTOR = YES;
				GCC_WARN_UNINITIALIZED_AUTOS = YES_AGGRESSIVE;
				GCC_WARN_UNUSED_FUNCTION = YES;
				GCC_WARN_UNUSED_VARIABLE = YES;
				IPHONEOS_DEPLOYMENT_TARGET = 15.4;
				MTL_ENABLE_DEBUG_INFO = INCLUDE_SOURCE;
				MTL_FAST_MATH = YES;
				ONLY_ACTIVE_ARCH = YES;
				SDKROOT = iphoneos;
				SWIFT_ACTIVE_COMPILATION_CONDITIONS = DEBUG;
				SWIFT_OPTIMIZATION_LEVEL = "-Onone";
			};
			name = Debug;
		};
		42A2E1552AC3AEDC000D434C /* Release */ = {
			isa = XCBuildConfiguration;
			buildSettings = {
				ALWAYS_SEARCH_USER_PATHS = NO;
				CLANG_ANALYZER_NONNULL = YES;
				CLANG_ANALYZER_NUMBER_OBJECT_CONVERSION = YES_AGGRESSIVE;
				CLANG_CXX_LANGUAGE_STANDARD = "gnu++17";
				CLANG_ENABLE_MODULES = YES;
				CLANG_ENABLE_OBJC_ARC = YES;
				CLANG_ENABLE_OBJC_WEAK = YES;
				CLANG_WARN_BLOCK_CAPTURE_AUTORELEASING = YES;
				CLANG_WARN_BOOL_CONVERSION = YES;
				CLANG_WARN_COMMA = YES;
				CLANG_WARN_CONSTANT_CONVERSION = YES;
				CLANG_WARN_DEPRECATED_OBJC_IMPLEMENTATIONS = YES;
				CLANG_WARN_DIRECT_OBJC_ISA_USAGE = YES_ERROR;
				CLANG_WARN_DOCUMENTATION_COMMENTS = YES;
				CLANG_WARN_EMPTY_BODY = YES;
				CLANG_WARN_ENUM_CONVERSION = YES;
				CLANG_WARN_INFINITE_RECURSION = YES;
				CLANG_WARN_INT_CONVERSION = YES;
				CLANG_WARN_NON_LITERAL_NULL_CONVERSION = YES;
				CLANG_WARN_OBJC_IMPLICIT_RETAIN_SELF = YES;
				CLANG_WARN_OBJC_LITERAL_CONVERSION = YES;
				CLANG_WARN_OBJC_ROOT_CLASS = YES_ERROR;
				CLANG_WARN_QUOTED_INCLUDE_IN_FRAMEWORK_HEADER = YES;
				CLANG_WARN_RANGE_LOOP_ANALYSIS = YES;
				CLANG_WARN_STRICT_PROTOTYPES = YES;
				CLANG_WARN_SUSPICIOUS_MOVE = YES;
				CLANG_WARN_UNGUARDED_AVAILABILITY = YES_AGGRESSIVE;
				CLANG_WARN_UNREACHABLE_CODE = YES;
				CLANG_WARN__DUPLICATE_METHOD_MATCH = YES;
				COPY_PHASE_STRIP = NO;
				DEBUG_INFORMATION_FORMAT = "dwarf-with-dsym";
				ENABLE_NS_ASSERTIONS = NO;
				ENABLE_STRICT_OBJC_MSGSEND = YES;
				GCC_C_LANGUAGE_STANDARD = gnu11;
				GCC_NO_COMMON_BLOCKS = YES;
				GCC_WARN_64_TO_32_BIT_CONVERSION = YES;
				GCC_WARN_ABOUT_RETURN_TYPE = YES_ERROR;
				GCC_WARN_UNDECLARED_SELECTOR = YES;
				GCC_WARN_UNINITIALIZED_AUTOS = YES_AGGRESSIVE;
				GCC_WARN_UNUSED_FUNCTION = YES;
				GCC_WARN_UNUSED_VARIABLE = YES;
				IPHONEOS_DEPLOYMENT_TARGET = 15.4;
				MTL_ENABLE_DEBUG_INFO = NO;
				MTL_FAST_MATH = YES;
				SDKROOT = iphoneos;
				SWIFT_COMPILATION_MODE = wholemodule;
				SWIFT_OPTIMIZATION_LEVEL = "-O";
				VALIDATE_PRODUCT = YES;
			};
			name = Release;
		};
		42A2E1572AC3AEDC000D434C /* Debug */ = {
			isa = XCBuildConfiguration;
			buildSettings = {
				ASSETCATALOG_COMPILER_APPICON_NAME = AppIcon;
				ASSETCATALOG_COMPILER_GLOBAL_ACCENT_COLOR_NAME = AccentColor;
				CODE_SIGN_STYLE = Automatic;
				CURRENT_PROJECT_VERSION = 1;
				GENERATE_INFOPLIST_FILE = YES;
				INFOPLIST_FILE = "tarea-lab04/Info.plist";
				INFOPLIST_KEY_UIApplicationSupportsIndirectInputEvents = YES;
				INFOPLIST_KEY_UILaunchStoryboardName = LaunchScreen;
				INFOPLIST_KEY_UIMainStoryboardFile = Main;
				INFOPLIST_KEY_UISupportedInterfaceOrientations_iPad = "UIInterfaceOrientationPortrait UIInterfaceOrientationPortraitUpsideDown UIInterfaceOrientationLandscapeLeft UIInterfaceOrientationLandscapeRight";
				INFOPLIST_KEY_UISupportedInterfaceOrientations_iPhone = "UIInterfaceOrientationPortrait UIInterfaceOrientationLandscapeLeft UIInterfaceOrientationLandscapeRight";
				LD_RUNPATH_SEARCH_PATHS = (
					"$(inherited)",
					"@executable_path/Frameworks",
				);
				MARKETING_VERSION = 1.0;
				PRODUCT_BUNDLE_IDENTIFIER = "empresa.tarea-lab04";
				PRODUCT_NAME = "$(TARGET_NAME)";
				SWIFT_EMIT_LOC_STRINGS = YES;
				SWIFT_VERSION = 5.0;
				TARGETED_DEVICE_FAMILY = "1,2";
			};
			name = Debug;
		};
		42A2E1582AC3AEDC000D434C /* Release */ = {
			isa = XCBuildConfiguration;
			buildSettings = {
				ASSETCATALOG_COMPILER_APPICON_NAME = AppIcon;
				ASSETCATALOG_COMPILER_GLOBAL_ACCENT_COLOR_NAME = AccentColor;
				CODE_SIGN_STYLE = Automatic;
				CURRENT_PROJECT_VERSION = 1;
				GENERATE_INFOPLIST_FILE = YES;
				INFOPLIST_FILE = "tarea-lab04/Info.plist";
				INFOPLIST_KEY_UIApplicationSupportsIndirectInputEvents = YES;
				INFOPLIST_KEY_UILaunchStoryboardName = LaunchScreen;
				INFOPLIST_KEY_UIMainStoryboardFile = Main;
				INFOPLIST_KEY_UISupportedInterfaceOrientations_iPad = "UIInterfaceOrientationPortrait UIInterfaceOrientationPortraitUpsideDown UIInterfaceOrientationLandscapeLeft UIInterfaceOrientationLandscapeRight";
				INFOPLIST_KEY_UISupportedInterfaceOrientations_iPhone = "UIInterfaceOrientationPortrait UIInterfaceOrientationLandscapeLeft UIInterfaceOrientationLandscapeRight";
				LD_RUNPATH_SEARCH_PATHS = (
					"$(inherited)",
					"@executable_path/Frameworks",
				);
				MARKETING_VERSION = 1.0;
				PRODUCT_BUNDLE_IDENTIFIER = "empresa.tarea-lab04";
				PRODUCT_NAME = "$(TARGET_NAME)";
				SWIFT_EMIT_LOC_STRINGS = YES;
				SWIFT_VERSION = 5.0;
				TARGETED_DEVICE_FAMILY = "1,2";
			};
			name = Release;
		};
/* End XCBuildConfiguration section */

/* Begin XCConfigurationList section */
		42A2E13D2AC3AEDB000D434C /* Build configuration list for PBXProject "tarea-lab04" */ = {
			isa = XCConfigurationList;
			buildConfigurations = (
				42A2E1542AC3AEDC000D434C /* Debug */,
				42A2E1552AC3AEDC000D434C /* Release */,
			);
			defaultConfigurationIsVisible = 0;
			defaultConfigurationName = Release;
		};
		42A2E1562AC3AEDC000D434C /* Build configuration list for PBXNativeTarget "tarea-lab04" */ = {
			isa = XCConfigurationList;
			buildConfigurations = (
				42A2E1572AC3AEDC000D434C /* Debug */,
				42A2E1582AC3AEDC000D434C /* Release */,
			);
			defaultConfigurationIsVisible = 0;
			defaultConfigurationName = Release;
		};
/* End XCConfigurationList section */
	};
	rootObject = 42A2E13A2AC3AEDB000D434C /* Project object */;
}
